
Microsoft Visual Studio Solution File, Format Version 12.00
# Visual Studio Version 16
VisualStudioVersion = 16.0.30907.101
MinimumVisualStudioVersion = 10.0.40219.1
Project("{9A19103F-16F7-4668-BE54-9A1E7A4F7556}") = "Perry", "Perry\Perry.csproj", "{68513D92-531B-48D7-BA54-8A4764DD4C9F}"
EndProject
Global
	GlobalSection(SolutionConfigurationPlatforms) = preSolution
		Debug|Any CPU = Debug|Any CPU
		Release|Any CPU = Release|Any CPU
	EndGlobalSection
	GlobalSection(ProjectConfigurationPlatforms) = postSolution
		{68513D92-531B-48D7-BA54-8A4764DD4C9F}.Debug|Any CPU.ActiveCfg = Debug|Any CPU
		{68513D92-531B-48D7-BA54-8A4764DD4C9F}.Debug|Any CPU.Build.0 = Debug|Any CPU
		{68513D92-531B-48D7-BA54-8A4764DD4C9F}.Release|Any CPU.ActiveCfg = Release|Any CPU
		{68513D92-531B-48D7-BA54-8A4764DD4C9F}.Release|Any CPU.Build.0 = Release|Any CPU
	EndGlobalSection
	GlobalSection(SolutionProperties) = preSolution
		HideSolutionNode = FALSE
	EndGlobalSection
	GlobalSection(ExtensibilityGlobals) = postSolution
		SolutionGuid = {AB47B4F4-24FC-4A12-ABE5-0DB9E658D787}
	EndGlobalSection
EndGlobal
